// !$*UTF8*$!
{
	archiveVersion = 1;
	classes = {
	};
	objectVersion = 46;
	objects = {

/* Begin PBXBuildFile section */
		270688C61DD73A3600130A88 /* Constants.swift in Sources */ = {isa = PBXBuildFile; fileRef = 270688C51DD73A3600130A88 /* Constants.swift */; };
		2742CF7C1DC9E55500B15074 /* AppDelegate.swift in Sources */ = {isa = PBXBuildFile; fileRef = 2742CF7B1DC9E55500B15074 /* AppDelegate.swift */; };
		2742CF7E1DC9E55500B15074 /* PokedexVC.swift in Sources */ = {isa = PBXBuildFile; fileRef = 2742CF7D1DC9E55500B15074 /* PokedexVC.swift */; };
		2742CF811DC9E55500B15074 /* Main.storyboard in Resources */ = {isa = PBXBuildFile; fileRef = 2742CF7F1DC9E55500B15074 /* Main.storyboard */; };
		2742CF831DC9E55500B15074 /* Assets.xcassets in Resources */ = {isa = PBXBuildFile; fileRef = 2742CF821DC9E55500B15074 /* Assets.xcassets */; };
		2742CF861DC9E55500B15074 /* LaunchScreen.storyboard in Resources */ = {isa = PBXBuildFile; fileRef = 2742CF841DC9E55500B15074 /* LaunchScreen.storyboard */; };
		2742CF8E1DC9E6DD00B15074 /* pokemon.csv in Resources */ = {isa = PBXBuildFile; fileRef = 2742CF8D1DC9E6DD00B15074 /* pokemon.csv */; };
		2742CF911DC9E79000B15074 /* Pokemon.swift in Sources */ = {isa = PBXBuildFile; fileRef = 2742CF901DC9E79000B15074 /* Pokemon.swift */; };
		2742CF941DC9EDC400B15074 /* PokeCell.swift in Sources */ = {isa = PBXBuildFile; fileRef = 2742CF931DC9EDC400B15074 /* PokeCell.swift */; };
		2742CF961DCA14A200B15074 /* csv.swift in Sources */ = {isa = PBXBuildFile; fileRef = 2742CF951DCA14A200B15074 /* csv.swift */; };
		2742CF981DCA843000B15074 /* pokemon.ttf in Resources */ = {isa = PBXBuildFile; fileRef = 2742CF971DCA843000B15074 /* pokemon.ttf */; };
		2742CF9D1DCA860F00B15074 /* music.mp3 in Resources */ = {isa = PBXBuildFile; fileRef = 2742CF9C1DCA860F00B15074 /* music.mp3 */; };
		2742CF9F1DCA861800B15074 /* music.png in Resources */ = {isa = PBXBuildFile; fileRef = 2742CF9E1DCA861800B15074 /* music.png */; };
		2742CFA11DCBD1D000B15074 /* PokemonDetailVC.swift in Sources */ = {isa = PBXBuildFile; fileRef = 2742CFA01DCBD1D000B15074 /* PokemonDetailVC.swift */; };
		68F150D41EDECFFADED37A06 /* Pods_pokedex.framework in Frameworks */ = {isa = PBXBuildFile; fileRef = 5D8C4CDCDB4F3259D37E1F80 /* Pods_pokedex.framework */; };
/* End PBXBuildFile section */

/* Begin PBXFileReference section */
		270688C51DD73A3600130A88 /* Constants.swift */ = {isa = PBXFileReference; fileEncoding = 4; lastKnownFileType = sourcecode.swift; path = Constants.swift; sourceTree = "<group>"; };
		2742CF781DC9E55500B15074 /* pokedex.app */ = {isa = PBXFileReference; explicitFileType = wrapper.application; includeInIndex = 0; path = pokedex.app; sourceTree = BUILT_PRODUCTS_DIR; };
		2742CF7B1DC9E55500B15074 /* AppDelegate.swift */ = {isa = PBXFileReference; lastKnownFileType = sourcecode.swift; path = AppDelegate.swift; sourceTree = "<group>"; };
		2742CF7D1DC9E55500B15074 /* PokedexVC.swift */ = {isa = PBXFileReference; lastKnownFileType = sourcecode.swift; path = PokedexVC.swift; sourceTree = "<group>"; };
		2742CF801DC9E55500B15074 /* Base */ = {isa = PBXFileReference; lastKnownFileType = file.storyboard; name = Base; path = Base.lproj/Main.storyboard; sourceTree = "<group>"; };
		2742CF821DC9E55500B15074 /* Assets.xcassets */ = {isa = PBXFileReference; lastKnownFileType = folder.assetcatalog; path = Assets.xcassets; sourceTree = "<group>"; };
		2742CF851DC9E55500B15074 /* Base */ = {isa = PBXFileReference; lastKnownFileType = file.storyboard; name = Base; path = Base.lproj/LaunchScreen.storyboard; sourceTree = "<group>"; };
		2742CF871DC9E55500B15074 /* Info.plist */ = {isa = PBXFileReference; lastKnownFileType = text.plist.xml; path = Info.plist; sourceTree = "<group>"; };
		2742CF8D1DC9E6DD00B15074 /* pokemon.csv */ = {isa = PBXFileReference; fileEncoding = 4; lastKnownFileType = text; path = pokemon.csv; sourceTree = "<group>"; };
		2742CF901DC9E79000B15074 /* Pokemon.swift */ = {isa = PBXFileReference; fileEncoding = 4; lastKnownFileType = sourcecode.swift; path = Pokemon.swift; sourceTree = "<group>"; };
		2742CF931DC9EDC400B15074 /* PokeCell.swift */ = {isa = PBXFileReference; fileEncoding = 4; lastKnownFileType = sourcecode.swift; path = PokeCell.swift; sourceTree = "<group>"; };
		2742CF951DCA14A200B15074 /* csv.swift */ = {isa = PBXFileReference; fileEncoding = 4; lastKnownFileType = sourcecode.swift; path = csv.swift; sourceTree = "<group>"; };
		2742CF971DCA843000B15074 /* pokemon.ttf */ = {isa = PBXFileReference; lastKnownFileType = file; path = pokemon.ttf; sourceTree = "<group>"; };
		2742CF9C1DCA860F00B15074 /* music.mp3 */ = {isa = PBXFileReference; lastKnownFileType = audio.mp3; path = music.mp3; sourceTree = "<group>"; };
		2742CF9E1DCA861800B15074 /* music.png */ = {isa = PBXFileReference; lastKnownFileType = image.png; path = music.png; sourceTree = "<group>"; };
		2742CFA01DCBD1D000B15074 /* PokemonDetailVC.swift */ = {isa = PBXFileReference; fileEncoding = 4; lastKnownFileType = sourcecode.swift; path = PokemonDetailVC.swift; sourceTree = "<group>"; };
		5D8C4CDCDB4F3259D37E1F80 /* Pods_pokedex.framework */ = {isa = PBXFileReference; explicitFileType = wrapper.framework; includeInIndex = 0; path = Pods_pokedex.framework; sourceTree = BUILT_PRODUCTS_DIR; };
		B0BCB6738AD213C910C58F83 /* Pods-pokedex.release.xcconfig */ = {isa = PBXFileReference; includeInIndex = 1; lastKnownFileType = text.xcconfig; name = "Pods-pokedex.release.xcconfig"; path = "Pods/Target Support Files/Pods-pokedex/Pods-pokedex.release.xcconfig"; sourceTree = "<group>"; };
		CDE516E50E599EA9707BCE7A /* Pods-pokedex.debug.xcconfig */ = {isa = PBXFileReference; includeInIndex = 1; lastKnownFileType = text.xcconfig; name = "Pods-pokedex.debug.xcconfig"; path = "Pods/Target Support Files/Pods-pokedex/Pods-pokedex.debug.xcconfig"; sourceTree = "<group>"; };
/* End PBXFileReference section */

/* Begin PBXFrameworksBuildPhase section */
		2742CF751DC9E55500B15074 /* Frameworks */ = {
			isa = PBXFrameworksBuildPhase;
			buildActionMask = 2147483647;
			files = (
				68F150D41EDECFFADED37A06 /* Pods_pokedex.framework in Frameworks */,
			);
			runOnlyForDeploymentPostprocessing = 0;
		};
/* End PBXFrameworksBuildPhase section */

/* Begin PBXGroup section */
		036ADE7799D6F1294219BFC7 /* Frameworks */ = {
			isa = PBXGroup;
			children = (
				5D8C4CDCDB4F3259D37E1F80 /* Pods_pokedex.framework */,
			);
			name = Frameworks;
			sourceTree = "<group>";
		};
		14FA3F810AF1C451D5054796 /* Pods */ = {
			isa = PBXGroup;
			children = (
				CDE516E50E599EA9707BCE7A /* Pods-pokedex.debug.xcconfig */,
				B0BCB6738AD213C910C58F83 /* Pods-pokedex.release.xcconfig */,
			);
			name = Pods;
			sourceTree = "<group>";
		};
		2742CF6F1DC9E55500B15074 = {
			isa = PBXGroup;
			children = (
				2742CF7A1DC9E55500B15074 /* pokedex */,
				2742CF791DC9E55500B15074 /* Products */,
				14FA3F810AF1C451D5054796 /* Pods */,
				036ADE7799D6F1294219BFC7 /* Frameworks */,
			);
			sourceTree = "<group>";
		};
		2742CF791DC9E55500B15074 /* Products */ = {
			isa = PBXGroup;
			children = (
				2742CF781DC9E55500B15074 /* pokedex.app */,
			);
			name = Products;
			sourceTree = "<group>";
		};
		2742CF7A1DC9E55500B15074 /* pokedex */ = {
			isa = PBXGroup;
			children = (
				2742CF9B1DCA846A00B15074 /* Util */,
				2742CF9A1DCA845400B15074 /* Resources */,
				2742CF8F1DC9E77D00B15074 /* Modal */,
				2742CF921DC9ED8A00B15074 /* View */,
				2742CF991DCA844400B15074 /* Controller */,
				2742CF7B1DC9E55500B15074 /* AppDelegate.swift */,
				2742CF7F1DC9E55500B15074 /* Main.storyboard */,
				2742CF821DC9E55500B15074 /* Assets.xcassets */,
				2742CF841DC9E55500B15074 /* LaunchScreen.storyboard */,
				2742CF871DC9E55500B15074 /* Info.plist */,
			);
			path = pokedex;
			sourceTree = "<group>";
		};
		2742CF8F1DC9E77D00B15074 /* Modal */ = {
			isa = PBXGroup;
			children = (
				2742CF901DC9E79000B15074 /* Pokemon.swift */,
			);
			name = Modal;
			sourceTree = "<group>";
		};
		2742CF921DC9ED8A00B15074 /* View */ = {
			isa = PBXGroup;
			children = (
				2742CF931DC9EDC400B15074 /* PokeCell.swift */,
			);
			name = View;
			sourceTree = "<group>";
		};
		2742CF991DCA844400B15074 /* Controller */ = {
			isa = PBXGroup;
			children = (
				2742CF7D1DC9E55500B15074 /* PokedexVC.swift */,
				2742CFA01DCBD1D000B15074 /* PokemonDetailVC.swift */,
			);
			name = Controller;
			sourceTree = "<group>";
		};
		2742CF9A1DCA845400B15074 /* Resources */ = {
			isa = PBXGroup;
			children = (
				2742CF9C1DCA860F00B15074 /* music.mp3 */,
				2742CF971DCA843000B15074 /* pokemon.ttf */,
				2742CF8D1DC9E6DD00B15074 /* pokemon.csv */,
				2742CF9E1DCA861800B15074 /* music.png */,
			);
			name = Resources;
			sourceTree = "<group>";
		};
		2742CF9B1DCA846A00B15074 /* Util */ = {
			isa = PBXGroup;
			children = (
				2742CF951DCA14A200B15074 /* csv.swift */,
				270688C51DD73A3600130A88 /* Constants.swift */,
			);
			name = Util;
			sourceTree = "<group>";
		};
/* End PBXGroup section */

/* Begin PBXNativeTarget section */
		2742CF771DC9E55500B15074 /* pokedex */ = {
			isa = PBXNativeTarget;
			buildConfigurationList = 2742CF8A1DC9E55500B15074 /* Build configuration list for PBXNativeTarget "pokedex" */;
			buildPhases = (
				8AEE92DC63A7A6913C00FE2D /* [CP] Check Pods Manifest.lock */,
				2742CF741DC9E55500B15074 /* Sources */,
				2742CF751DC9E55500B15074 /* Frameworks */,
				2742CF761DC9E55500B15074 /* Resources */,
				9933F15030E12DA7541C0121 /* [CP] Embed Pods Frameworks */,
				CE67F4E9B9306D1518213C41 /* [CP] Copy Pods Resources */,
			);
			buildRules = (
			);
			dependencies = (
			);
			name = pokedex;
			productName = pokedex;
			productReference = 2742CF781DC9E55500B15074 /* pokedex.app */;
			productType = "com.apple.product-type.application";
		};
/* End PBXNativeTarget section */

/* Begin PBXProject section */
		2742CF701DC9E55500B15074 /* Project object */ = {
			isa = PBXProject;
			attributes = {
				LastSwiftUpdateCheck = 0810;
				LastUpgradeCheck = 0810;
				ORGANIZATIONNAME = sWimmie;
				TargetAttributes = {
					2742CF771DC9E55500B15074 = {
						CreatedOnToolsVersion = 8.1;
						DevelopmentTeam = 326W36H3R5;
						LastSwiftMigration = 0810;
						ProvisioningStyle = Automatic;
					};
				};
			};
			buildConfigurationList = 2742CF731DC9E55500B15074 /* Build configuration list for PBXProject "pokedex" */;
			compatibilityVersion = "Xcode 3.2";
			developmentRegion = English;
			hasScannedForEncodings = 0;
			knownRegions = (
				en,
				Base,
			);
			mainGroup = 2742CF6F1DC9E55500B15074;
			productRefGroup = 2742CF791DC9E55500B15074 /* Products */;
			projectDirPath = "";
			projectRoot = "";
			targets = (
				2742CF771DC9E55500B15074 /* pokedex */,
			);
		};
/* End PBXProject section */

/* Begin PBXResourcesBuildPhase section */
		2742CF761DC9E55500B15074 /* Resources */ = {
			isa = PBXResourcesBuildPhase;
			buildActionMask = 2147483647;
			files = (
				2742CF981DCA843000B15074 /* pokemon.ttf in Resources */,
				2742CF9F1DCA861800B15074 /* music.png in Resources */,
				2742CF861DC9E55500B15074 /* LaunchScreen.storyboard in Resources */,
				2742CF9D1DCA860F00B15074 /* music.mp3 in Resources */,
				2742CF831DC9E55500B15074 /* Assets.xcassets in Resources */,
				2742CF8E1DC9E6DD00B15074 /* pokemon.csv in Resources */,
				2742CF811DC9E55500B15074 /* Main.storyboard in Resources */,
			);
			runOnlyForDeploymentPostprocessing = 0;
		};
/* End PBXResourcesBuildPhase section */

/* Begin PBXShellScriptBuildPhase section */
		8AEE92DC63A7A6913C00FE2D /* [CP] Check Pods Manifest.lock */ = {
			isa = PBXShellScriptBuildPhase;
			buildActionMask = 2147483647;
			files = (
			);
			inputPaths = (
			);
			name = "[CP] Check Pods Manifest.lock";
			outputPaths = (
			);
			runOnlyForDeploymentPostprocessing = 0;
			shellPath = /bin/sh;
			shellScript = "diff \"${PODS_ROOT}/../Podfile.lock\" \"${PODS_ROOT}/Manifest.lock\" > /dev/null\nif [ $? != 0 ] ; then\n    # print error to STDERR\n    echo \"error: The sandbox is not in sync with the Podfile.lock. Run 'pod install' or update your CocoaPods installation.\" >&2\n    exit 1\nfi\n";
			showEnvVarsInLog = 0;
		};
		9933F15030E12DA7541C0121 /* [CP] Embed Pods Frameworks */ = {
			isa = PBXShellScriptBuildPhase;
			buildActionMask = 2147483647;
			files = (
			);
			inputPaths = (
			);
			name = "[CP] Embed Pods Frameworks";
			outputPaths = (
			);
			runOnlyForDeploymentPostprocessing = 0;
			shellPath = /bin/sh;
			shellScript = "\"${SRCROOT}/Pods/Target Support Files/Pods-pokedex/Pods-pokedex-frameworks.sh\"\n";
			showEnvVarsInLog = 0;
		};
		CE67F4E9B9306D1518213C41 /* [CP] Copy Pods Resources */ = {
			isa = PBXShellScriptBuildPhase;
			buildActionMask = 2147483647;
			files = (
			);
			inputPaths = (
			);
			name = "[CP] Copy Pods Resources";
			outputPaths = (
			);
			runOnlyForDeploymentPostprocessing = 0;
			shellPath = /bin/sh;
			shellScript = "\"${SRCROOT}/Pods/Target Support Files/Pods-pokedex/Pods-pokedex-resources.sh\"\n";
			showEnvVarsInLog = 0;
		};
/* End PBXShellScriptBuildPhase section */

/* Begin PBXSourcesBuildPhase section */
		2742CF741DC9E55500B15074 /* Sources */ = {
			isa = PBXSourcesBuildPhase;
			buildActionMask = 2147483647;
			files = (
				2742CF941DC9EDC400B15074 /* PokeCell.swift in Sources */,
				2742CF7E1DC9E55500B15074 /* PokedexVC.swift in Sources */,
				2742CF7C1DC9E55500B15074 /* AppDelegate.swift in Sources */,
				2742CFA11DCBD1D000B15074 /* PokemonDetailVC.swift in Sources */,
				270688C61DD73A3600130A88 /* Constants.swift in Sources */,
				2742CF911DC9E79000B15074 /* Pokemon.swift in Sources */,
				2742CF961DCA14A200B15074 /* csv.swift in Sources */,
			);
			runOnlyForDeploymentPostprocessing = 0;
		};
/* End PBXSourcesBuildPhase section */

/* Begin PBXVariantGroup section */
		2742CF7F1DC9E55500B15074 /* Main.storyboard */ = {
			isa = PBXVariantGroup;
			children = (
				2742CF801DC9E55500B15074 /* Base */,
			);
			name = Main.storyboard;
			sourceTree = "<group>";
		};
		2742CF841DC9E55500B15074 /* LaunchScreen.storyboard */ = {
			isa = PBXVariantGroup;
			children = (
				2742CF851DC9E55500B15074 /* Base */,
			);
			name = LaunchScreen.storyboard;
			sourceTree = "<group>";
		};
/* End PBXVariantGroup section */

/* Begin XCBuildConfiguration section */
		2742CF881DC9E55500B15074 /* Debug */ = {
			isa = XCBuildConfiguration;
			buildSettings = {
				ALWAYS_SEARCH_USER_PATHS = NO;
				CLANG_ANALYZER_NONNULL = YES;
				CLANG_CXX_LANGUAGE_STANDARD = "gnu++0x";
				CLANG_CXX_LIBRARY = "libc++";
				CLANG_ENABLE_MODULES = YES;
				CLANG_ENABLE_OBJC_ARC = YES;
				CLANG_WARN_BOOL_CONVERSION = YES;
				CLANG_WARN_CONSTANT_CONVERSION = YES;
				CLANG_WARN_DIRECT_OBJC_ISA_USAGE = YES_ERROR;
				CLANG_WARN_DOCUMENTATION_COMMENTS = YES;
				CLANG_WARN_EMPTY_BODY = YES;
				CLANG_WARN_ENUM_CONVERSION = YES;
				CLANG_WARN_INFINITE_RECURSION = YES;
				CLANG_WARN_INT_CONVERSION = YES;
				CLANG_WARN_OBJC_ROOT_CLASS = YES_ERROR;
				CLANG_WARN_SUSPICIOUS_MOVES = YES;
				CLANG_WARN_UNREACHABLE_CODE = YES;
				CLANG_WARN__DUPLICATE_METHOD_MATCH = YES;
				"CODE_SIGN_IDENTITY[sdk=iphoneos*]" = "iPhone Developer";
				COPY_PHASE_STRIP = NO;
				DEBUG_INFORMATION_FORMAT = dwarf;
				ENABLE_STRICT_OBJC_MSGSEND = YES;
				ENABLE_TESTABILITY = YES;
				GCC_C_LANGUAGE_STANDARD = gnu99;
				GCC_DYNAMIC_NO_PIC = NO;
				GCC_NO_COMMON_BLOCKS = YES;
				GCC_OPTIMIZATION_LEVEL = 0;
				GCC_PREPROCESSOR_DEFINITIONS = (
					"DEBUG=1",
					"$(inherited)",
				);
				GCC_WARN_64_TO_32_BIT_CONVERSION = YES;
				GCC_WARN_ABOUT_RETURN_TYPE = YES_ERROR;
				GCC_WARN_UNDECLARED_SELECTOR = YES;
				GCC_WARN_UNINITIALIZED_AUTOS = YES_AGGRESSIVE;
				GCC_WARN_UNUSED_FUNCTION = YES;
				GCC_WARN_UNUSED_VARIABLE = YES;
				IPHONEOS_DEPLOYMENT_TARGET = 10.1;
				MTL_ENABLE_DEBUG_INFO = YES;
				ONLY_ACTIVE_ARCH = YES;
				SDKROOT = iphoneos;
				SWIFT_ACTIVE_COMPILATION_CONDITIONS = DEBUG;
				SWIFT_OPTIMIZATION_LEVEL = "-Onone";
				TARGETED_DEVICE_FAMILY = "1,2";
			};
			name = Debug;
		};
		2742CF891DC9E55500B15074 /* Release */ = {
			isa = XCBuildConfiguration;
			buildSettings = {
				ALWAYS_SEARCH_USER_PATHS = NO;
				CLANG_ANALYZER_NONNULL = YES;
				CLANG_CXX_LANGUAGE_STANDARD = "gnu++0x";
				CLANG_CXX_LIBRARY = "libc++";
				CLANG_ENABLE_MODULES = YES;
				CLANG_ENABLE_OBJC_ARC = YES;
				CLANG_WARN_BOOL_CONVERSION = YES;
				CLANG_WARN_CONSTANT_CONVERSION = YES;
				CLANG_WARN_DIRECT_OBJC_ISA_USAGE = YES_ERROR;
				CLANG_WARN_DOCUMENTATION_COMMENTS = YES;
				CLANG_WARN_EMPTY_BODY = YES;
				CLANG_WARN_ENUM_CONVERSION = YES;
				CLANG_WARN_INFINITE_RECURSION = YES;
				CLANG_WARN_INT_CONVERSION = YES;
				CLANG_WARN_OBJC_ROOT_CLASS = YES_ERROR;
				CLANG_WARN_SUSPICIOUS_MOVES = YES;
				CLANG_WARN_UNREACHABLE_CODE = YES;
				CLANG_WARN__DUPLICATE_METHOD_MATCH = YES;
				"CODE_SIGN_IDENTITY[sdk=iphoneos*]" = "iPhone Developer";
				COPY_PHASE_STRIP = NO;
				DEBUG_INFORMATION_FORMAT = "dwarf-with-dsym";
				ENABLE_NS_ASSERTIONS = NO;
				ENABLE_STRICT_OBJC_MSGSEND = YES;
				GCC_C_LANGUAGE_STANDARD = gnu99;
				GCC_NO_COMMON_BLOCKS = YES;
				GCC_WARN_64_TO_32_BIT_CONVERSION = YES;
				GCC_WARN_ABOUT_RETURN_TYPE = YES_ERROR;
				GCC_WARN_UNDECLARED_SELECTOR = YES;
				GCC_WARN_UNINITIALIZED_AUTOS = YES_AGGRESSIVE;
				GCC_WARN_UNUSED_FUNCTION = YES;
				GCC_WARN_UNUSED_VARIABLE = YES;
				IPHONEOS_DEPLOYMENT_TARGET = 10.1;
				MTL_ENABLE_DEBUG_INFO = NO;
				SDKROOT = iphoneos;
				SWIFT_OPTIMIZATION_LEVEL = "-Owholemodule";
				TARGETED_DEVICE_FAMILY = "1,2";
				VALIDATE_PRODUCT = YES;
			};
			name = Release;
		};
		2742CF8B1DC9E55500B15074 /* Debug */ = {
			isa = XCBuildConfiguration;
			baseConfigurationReference = CDE516E50E599EA9707BCE7A /* Pods-pokedex.debug.xcconfig */;
			buildSettings = {
				ASSETCATALOG_COMPILER_APPICON_NAME = AppIcon;
				DEVELOPMENT_TEAM = 326W36H3R5;
				INFOPLIST_FILE = pokedex/Info.plist;
				LD_RUNPATH_SEARCH_PATHS = "$(inherited) @executable_path/Frameworks";
				PRODUCT_BUNDLE_IDENTIFIER = nl.swimmie.pokedex;
				PRODUCT_NAME = "$(TARGET_NAME)";
				SWIFT_VERSION = 3.0;
			};
			name = Debug;
		};
		2742CF8C1DC9E55500B15074 /* Release */ = {
			isa = XCBuildConfiguration;
			baseConfigurationReference = B0BCB6738AD213C910C58F83 /* Pods-pokedex.release.xcconfig */;
			buildSettings = {
				ASSETCATALOG_COMPILER_APPICON_NAME = AppIcon;
				DEVELOPMENT_TEAM = 326W36H3R5;
				INFOPLIST_FILE = pokedex/Info.plist;
				LD_RUNPATH_SEARCH_PATHS = "$(inherited) @executable_path/Frameworks";
				PRODUCT_BUNDLE_IDENTIFIER = nl.swimmie.pokedex;
				PRODUCT_NAME = "$(TARGET_NAME)";
				SWIFT_VERSION = 3.0;
			};
			name = Release;
		};
/* End XCBuildConfiguration section */

/* Begin XCConfigurationList section */
		2742CF731DC9E55500B15074 /* Build configuration list for PBXProject "pokedex" */ = {
			isa = XCConfigurationList;
			buildConfigurations = (
				2742CF881DC9E55500B15074 /* Debug */,
				2742CF891DC9E55500B15074 /* Release */,
			);
			defaultConfigurationIsVisible = 0;
			defaultConfigurationName = Release;
		};
		2742CF8A1DC9E55500B15074 /* Build configuration list for PBXNativeTarget "pokedex" */ = {
			isa = XCConfigurationList;
			buildConfigurations = (
				2742CF8B1DC9E55500B15074 /* Debug */,
				2742CF8C1DC9E55500B15074 /* Release */,
			);
			defaultConfigurationIsVisible = 0;
			defaultConfigurationName = Release;
		};
/* End XCConfigurationList section */
	};
	rootObject = 2742CF701DC9E55500B15074 /* Project object */;
}
